{
  "requires": true,
  "lockfileVersion": 1,
  "dependencies": {
    "@fortawesome/fontawesome-common-types": {
      "version": "0.2.27",
      "resolved": "https://registry.npmjs.org/@fortawesome/fontawesome-common-types/-/fontawesome-common-types-0.2.27.tgz",
      "integrity": "sha512-97GaByGaXDGMkzcJX7VmR/jRJd8h1mfhtA7RsxDBN61GnWE/PPCZhOdwG/8OZYktiRUF0CvFOr+VgRkJrt6TWg=="
    },
    "@fortawesome/fontawesome-svg-core": {
      "version": "1.2.27",
      "resolved": "https://registry.npmjs.org/@fortawesome/fontawesome-svg-core/-/fontawesome-svg-core-1.2.27.tgz",
      "integrity": "sha512-sOD3DKynocnHYpuw2sLPnTunDj7rLk91LYhi2axUYwuGe9cPCw7Bsu9EWtVdNJP+IYgTCZIbyARKXuy5K/nv+Q==",
      "requires": {
        "@fortawesome/fontawesome-common-types": "^0.2.27"
      }
    },
    "@fortawesome/free-brands-svg-icons": {
      "version": "5.12.1",
      "resolved": "https://registry.npmjs.org/@fortawesome/free-brands-svg-icons/-/free-brands-svg-icons-5.12.1.tgz",
      "integrity": "sha512-IYUYcgGsQuwiIHjRGfeSTCIQKUSZMb6FsV6mDj78K0D+YzGJkM4cvEBBUMHtnla5D2HCxncMI/9JX5YIk2GHeQ==",
      "requires": {
        "@fortawesome/fontawesome-common-types": "^0.2.27"
      }
    },
    "@fortawesome/free-solid-svg-icons": {
      "version": "5.12.1",
      "resolved": "https://registry.npmjs.org/@fortawesome/free-solid-svg-icons/-/free-solid-svg-icons-5.12.1.tgz",
      "integrity": "sha512-k3MwRFFUhyL4cuCJSaHDA0YNYMELDXX0h8JKtWYxO5XD3Dn+maXOMrVAAiNGooUyM2v/wz/TOaM0jxYVKeXX7g==",
      "requires": {
        "@fortawesome/fontawesome-common-types": "^0.2.27"
      }
    },
    "@fortawesome/vue-fontawesome": {
      "version": "0.1.9",
      "resolved": "https://registry.npmjs.org/@fortawesome/vue-fontawesome/-/vue-fontawesome-0.1.9.tgz",
      "integrity": "sha512-h/emhmZz+DfB2zOGLWawNwXq82UYhn9waTfUjLLmeaIqtnIyNt6kYlpQT/vzJjLZRDRvY2IEJAh1di5qKpKVpA=="
    },
    "vue-cookies": {
      "version": "1.7.0",
      "resolved": "https://registry.npmjs.org/vue-cookies/-/vue-cookies-1.7.0.tgz",
      "integrity": "sha512-vuEUm6wYMMrFAHFCrkzIUAy8+MgPAbBGmYXnk2M6X6O2KHbMT1wuDD2izacmsSUp6ZM02e23MJRtPRobl88VMg=="
    }
  }
}
